
Microsoft Visual Studio Solution File, Format Version 12.00
# Visual Studio Version 16
VisualStudioVersion = 16.0.29920.165
MinimumVisualStudioVersion = 10.0.40219.1
Project("{FAE04EC0-301F-11D3-BF4B-00C04F79EFBC}") = "ControllersAndActions", "ControllersAndActions\ControllersAndActions.csproj", "{3CF76503-9042-4999-9CC7-A5C705B8750C}"
EndProject
Global
	GlobalSection(SolutionConfigurationPlatforms) = preSolution
		Debug|Any CPU = Debug|Any CPU
		Release|Any CPU = Release|Any CPU
	EndGlobalSection
	GlobalSection(ProjectConfigurationPlatforms) = postSolution
		{3CF76503-9042-4999-9CC7-A5C705B8750C}.Debug|Any CPU.ActiveCfg = Debug|Any CPU
		{3CF76503-9042-4999-9CC7-A5C705B8750C}.Debug|Any CPU.Build.0 = Debug|Any CPU
		{3CF76503-9042-4999-9CC7-A5C705B8750C}.Release|Any CPU.ActiveCfg = Release|Any CPU
		{3CF76503-9042-4999-9CC7-A5C705B8750C}.Release|Any CPU.Build.0 = Release|Any CPU
	EndGlobalSection
	GlobalSection(SolutionProperties) = preSolution
		HideSolutionNode = FALSE
	EndGlobalSection
	GlobalSection(ExtensibilityGlobals) = postSolution
		SolutionGuid = {49B950C6-7A63-4A63-8661-DB957FB333CC}
	EndGlobalSection
EndGlobal
