
Microsoft Visual Studio Solution File, Format Version 12.00
# Visual Studio Version 16
VisualStudioVersion = 16.0.29920.165
MinimumVisualStudioVersion = 10.0.40219.1
Project("{FAE04EC0-301F-11D3-BF4B-00C04F79EFBC}") = "Filters", "Filters\Filters.csproj", "{DD2FA2F9-CF00-4E60-9DB5-2A906025DB0B}"
EndProject
Project("{FAE04EC0-301F-11D3-BF4B-00C04F79EFBC}") = "Filters.Tests", "Filters.Tests\Filters.Tests.csproj", "{4829BF9F-6A78-4098-9576-52FBB4BDB537}"
EndProject
Global
	GlobalSection(SolutionConfigurationPlatforms) = preSolution
		Debug|Any CPU = Debug|Any CPU
		Release|Any CPU = Release|Any CPU
	EndGlobalSection
	GlobalSection(ProjectConfigurationPlatforms) = postSolution
		{DD2FA2F9-CF00-4E60-9DB5-2A906025DB0B}.Debug|Any CPU.ActiveCfg = Debug|Any CPU
		{DD2FA2F9-CF00-4E60-9DB5-2A906025DB0B}.Debug|Any CPU.Build.0 = Debug|Any CPU
		{DD2FA2F9-CF00-4E60-9DB5-2A906025DB0B}.Release|Any CPU.ActiveCfg = Release|Any CPU
		{DD2FA2F9-CF00-4E60-9DB5-2A906025DB0B}.Release|Any CPU.Build.0 = Release|Any CPU
		{4829BF9F-6A78-4098-9576-52FBB4BDB537}.Debug|Any CPU.ActiveCfg = Debug|Any CPU
		{4829BF9F-6A78-4098-9576-52FBB4BDB537}.Debug|Any CPU.Build.0 = Debug|Any CPU
		{4829BF9F-6A78-4098-9576-52FBB4BDB537}.Release|Any CPU.ActiveCfg = Release|Any CPU
		{4829BF9F-6A78-4098-9576-52FBB4BDB537}.Release|Any CPU.Build.0 = Release|Any CPU
	EndGlobalSection
	GlobalSection(SolutionProperties) = preSolution
		HideSolutionNode = FALSE
	EndGlobalSection
	GlobalSection(ExtensibilityGlobals) = postSolution
		SolutionGuid = {B2997EF2-02F1-4164-92A2-D06D5DA29C5F}
	EndGlobalSection
EndGlobal
